
Microsoft Visual Studio Solution File, Format Version 12.00
# Visual Studio Version 17
VisualStudioVersion = 17.14.37012.4 d17.14
MinimumVisualStudioVersion = 10.0.40219.1
Project("{FAE04EC0-301F-11D3-BF4B-00C04F79EFBC}") = "DungeonGame", "DungeonGame\DungeonGame.csproj", "{EE2EC0F0-E0D0-4CCE-A4BA-3A45AC4435AD}"
EndProject
Global
	GlobalSection(SolutionConfigurationPlatforms) = preSolution
		Debug|Any CPU = Debug|Any CPU
		Release|Any CPU = Release|Any CPU
	EndGlobalSection
	GlobalSection(ProjectConfigurationPlatforms) = postSolution
		{EE2EC0F0-E0D0-4CCE-A4BA-3A45AC4435AD}.Debug|Any CPU.ActiveCfg = Debug|Any CPU
		{EE2EC0F0-E0D0-4CCE-A4BA-3A45AC4435AD}.Debug|Any CPU.Build.0 = Debug|Any CPU
		{EE2EC0F0-E0D0-4CCE-A4BA-3A45AC4435AD}.Release|Any CPU.ActiveCfg = Release|Any CPU
		{EE2EC0F0-E0D0-4CCE-A4BA-3A45AC4435AD}.Release|Any CPU.Build.0 = Release|Any CPU
	EndGlobalSection
	GlobalSection(SolutionProperties) = preSolution
		HideSolutionNode = FALSE
	EndGlobalSection
	GlobalSection(ExtensibilityGlobals) = postSolution
		SolutionGuid = {D3126DE7-A851-43B7-AD13-C96D01888D5B}
	EndGlobalSection
EndGlobal
